
Microsoft Visual Studio Solution File, Format Version 12.00
# Visual Studio Version 16
VisualStudioVersion = 16.0.30128.74
MinimumVisualStudioVersion = 10.0.40219.1
Project("{FAE04EC0-301F-11D3-BF4B-00C04F79EFBC}") = "3task", "3task\3task.csproj", "{1A75B98B-C426-47CD-809F-9469B7969DEF}"
EndProject
Global
	GlobalSection(SolutionConfigurationPlatforms) = preSolution
		Debug|Any CPU = Debug|Any CPU
		Release|Any CPU = Release|Any CPU
	EndGlobalSection
	GlobalSection(ProjectConfigurationPlatforms) = postSolution
		{1A75B98B-C426-47CD-809F-9469B7969DEF}.Debug|Any CPU.ActiveCfg = Debug|Any CPU
		{1A75B98B-C426-47CD-809F-9469B7969DEF}.Debug|Any CPU.Build.0 = Debug|Any CPU
		{1A75B98B-C426-47CD-809F-9469B7969DEF}.Release|Any CPU.ActiveCfg = Release|Any CPU
		{1A75B98B-C426-47CD-809F-9469B7969DEF}.Release|Any CPU.Build.0 = Release|Any CPU
	EndGlobalSection
	GlobalSection(SolutionProperties) = preSolution
		HideSolutionNode = FALSE
	EndGlobalSection
	GlobalSection(ExtensibilityGlobals) = postSolution
		SolutionGuid = {3A504D2C-D7AD-4B7C-A128-BE90A9BCED49}
	EndGlobalSection
EndGlobal
